
Microsoft Visual Studio Solution File, Format Version 12.00
# Visual Studio Version 16
VisualStudioVersion = 16.0.29519.87
MinimumVisualStudioVersion = 10.0.40219.1
Project("{FAE04EC0-301F-11D3-BF4B-00C04F79EFBC}") = "MI_Feladatok_2.39", "MI_Feladatok_2.39\MI_Feladatok_2.39.csproj", "{C28A540B-14D0-4313-A0AA-89774E4FA271}"
EndProject
Global
	GlobalSection(SolutionConfigurationPlatforms) = preSolution
		Debug|Any CPU = Debug|Any CPU
		Release|Any CPU = Release|Any CPU
	EndGlobalSection
	GlobalSection(ProjectConfigurationPlatforms) = postSolution
		{C28A540B-14D0-4313-A0AA-89774E4FA271}.Debug|Any CPU.ActiveCfg = Debug|Any CPU
		{C28A540B-14D0-4313-A0AA-89774E4FA271}.Debug|Any CPU.Build.0 = Debug|Any CPU
		{C28A540B-14D0-4313-A0AA-89774E4FA271}.Release|Any CPU.ActiveCfg = Release|Any CPU
		{C28A540B-14D0-4313-A0AA-89774E4FA271}.Release|Any CPU.Build.0 = Release|Any CPU
	EndGlobalSection
	GlobalSection(SolutionProperties) = preSolution
		HideSolutionNode = FALSE
	EndGlobalSection
	GlobalSection(ExtensibilityGlobals) = postSolution
		SolutionGuid = {BBCFEA8E-5CB3-44C6-9352-718D6D642CF1}
	EndGlobalSection
EndGlobal
