
Microsoft Visual Studio Solution File, Format Version 12.00
# Visual Studio Version 16
VisualStudioVersion = 16.0.29519.87
MinimumVisualStudioVersion = 10.0.40219.1
Project("{FAE04EC0-301F-11D3-BF4B-00C04F79EFBC}") = "MI_Játékok_2.6", "MI_Játékok_2.6\MI_Játékok_2.6.csproj", "{4421157D-A216-4112-B474-FB25926DC4CF}"
EndProject
Global
	GlobalSection(SolutionConfigurationPlatforms) = preSolution
		Debug|Any CPU = Debug|Any CPU
		Release|Any CPU = Release|Any CPU
	EndGlobalSection
	GlobalSection(ProjectConfigurationPlatforms) = postSolution
		{4421157D-A216-4112-B474-FB25926DC4CF}.Debug|Any CPU.ActiveCfg = Debug|Any CPU
		{4421157D-A216-4112-B474-FB25926DC4CF}.Debug|Any CPU.Build.0 = Debug|Any CPU
		{4421157D-A216-4112-B474-FB25926DC4CF}.Release|Any CPU.ActiveCfg = Release|Any CPU
		{4421157D-A216-4112-B474-FB25926DC4CF}.Release|Any CPU.Build.0 = Release|Any CPU
	EndGlobalSection
	GlobalSection(SolutionProperties) = preSolution
		HideSolutionNode = FALSE
	EndGlobalSection
	GlobalSection(ExtensibilityGlobals) = postSolution
		SolutionGuid = {86313D7B-E790-4FDA-9D04-27B564713413}
	EndGlobalSection
EndGlobal
